{
  "originHash" : "b38b1187b833d5b42734a0ec1a78c62172df9bd3fb6de8e1ec52a3f82c0875ed",
  "pins" : [
    {
      "identity" : "systemextensions",
      "kind" : "remoteSourceControl",
      "location" : "git@github.com:nazariosoftwarellc/SystemExtensions.git",
      "state" : {
        "branch" : "main",
        "revision" : "490a54becae1aed61b69746881e8a14eb5f06120"
      }
    }
  ],
  "version" : 3
}
